// !$*UTF8*$!
{
	archiveVersion = 1;
	classes = {
	};
	objectVersion = 46;
	objects = {

/* Begin PBXBuildFile section */
		7D3D735C1BA7835600DB72AA /* AppDelegate.swift in Sources */ = {isa = PBXBuildFile; fileRef = 7D3D735B1BA7835600DB72AA /* AppDelegate.swift */; };
		7D3D735E1BA7835600DB72AA /* ViewController.swift in Sources */ = {isa = PBXBuildFile; fileRef = 7D3D735D1BA7835600DB72AA /* ViewController.swift */; };
		7D3D73611BA7835600DB72AA /* Main.storyboard in Resources */ = {isa = PBXBuildFile; fileRef = 7D3D735F1BA7835600DB72AA /* Main.storyboard */; };
		7D3D73631BA7835600DB72AA /* Assets.xcassets in Resources */ = {isa = PBXBuildFile; fileRef = 7D3D73621BA7835600DB72AA /* Assets.xcassets */; };
		7D3D73661BA7835600DB72AA /* LaunchScreen.storyboard in Resources */ = {isa = PBXBuildFile; fileRef = 7D3D73641BA7835600DB72AA /* LaunchScreen.storyboard */; };
		7D3D73711BA7835700DB72AA /* tipsTests.swift in Sources */ = {isa = PBXBuildFile; fileRef = 7D3D73701BA7835700DB72AA /* tipsTests.swift */; };
		7D3D737C1BA7835700DB72AA /* tipsUITests.swift in Sources */ = {isa = PBXBuildFile; fileRef = 7D3D737B1BA7835700DB72AA /* tipsUITests.swift */; };
/* End PBXBuildFile section */

/* Begin PBXContainerItemProxy section */
		7D3D736D1BA7835700DB72AA /* PBXContainerItemProxy */ = {
			isa = PBXContainerItemProxy;
			containerPortal = 7D3D73501BA7835600DB72AA /* Project object */;
			proxyType = 1;
			remoteGlobalIDString = 7D3D73571BA7835600DB72AA;
			remoteInfo = tips;
		};
		7D3D73781BA7835700DB72AA /* PBXContainerItemProxy */ = {
			isa = PBXContainerItemProxy;
			containerPortal = 7D3D73501BA7835600DB72AA /* Project object */;
			proxyType = 1;
			remoteGlobalIDString = 7D3D73571BA7835600DB72AA;
			remoteInfo = tips;
		};
/* End PBXContainerItemProxy section */

/* Begin PBXFileReference section */
		7D3D73581BA7835600DB72AA /* tips.app */ = {isa = PBXFileReference; explicitFileType = wrapper.application; includeInIndex = 0; path = tips.app; sourceTree = BUILT_PRODUCTS_DIR; };
		7D3D735B1BA7835600DB72AA /* AppDelegate.swift */ = {isa = PBXFileReference; lastKnownFileType = sourcecode.swift; path = AppDelegate.swift; sourceTree = "<group>"; };
		7D3D735D1BA7835600DB72AA /* ViewController.swift */ = {isa = PBXFileReference; lastKnownFileType = sourcecode.swift; path = ViewController.swift; sourceTree = "<group>"; };
		7D3D73601BA7835600DB72AA /* Base */ = {isa = PBXFileReference; lastKnownFileType = file.storyboard; name = Base; path = Base.lproj/Main.storyboard; sourceTree = "<group>"; };
		7D3D73621BA7835600DB72AA /* Assets.xcassets */ = {isa = PBXFileReference; lastKnownFileType = folder.assetcatalog; path = Assets.xcassets; sourceTree = "<group>"; };
		7D3D73651BA7835600DB72AA /* Base */ = {isa = PBXFileReference; lastKnownFileType = file.storyboard; name = Base; path = Base.lproj/LaunchScreen.storyboard; sourceTree = "<group>"; };
		7D3D73671BA7835600DB72AA /* Info.plist */ = {isa = PBXFileReference; lastKnownFileType = text.plist.xml; path = Info.plist; sourceTree = "<group>"; };
		7D3D736C1BA7835700DB72AA /* tipsTests.xctest */ = {isa = PBXFileReference; explicitFileType = wrapper.cfbundle; includeInIndex = 0; path = tipsTests.xctest; sourceTree = BUILT_PRODUCTS_DIR; };
		7D3D73701BA7835700DB72AA /* tipsTests.swift */ = {isa = PBXFileReference; lastKnownFileType = sourcecode.swift; path = tipsTests.swift; sourceTree = "<group>"; };
		7D3D73721BA7835700DB72AA /* Info.plist */ = {isa = PBXFileReference; lastKnownFileType = text.plist.xml; path = Info.plist; sourceTree = "<group>"; };
		7D3D73771BA7835700DB72AA /* tipsUITests.xctest */ = {isa = PBXFileReference; explicitFileType = wrapper.cfbundle; includeInIndex = 0; path = tipsUITests.xctest; sourceTree = BUILT_PRODUCTS_DIR; };
		7D3D737B1BA7835700DB72AA /* tipsUITests.swift */ = {isa = PBXFileReference; lastKnownFileType = sourcecode.swift; path = tipsUITests.swift; sourceTree = "<group>"; };
		7D3D737D1BA7835700DB72AA /* Info.plist */ = {isa = PBXFileReference; lastKnownFileType = text.plist.xml; path = Info.plist; sourceTree = "<group>"; };
/* End PBXFileReference section */

/* Begin PBXFrameworksBuildPhase section */
		7D3D73551BA7835600DB72AA /* Frameworks */ = {
			isa = PBXFrameworksBuildPhase;
			buildActionMask = 2147483647;
			files = (
			);
			runOnlyForDeploymentPostprocessing = 0;
		};
		7D3D73691BA7835700DB72AA /* Frameworks */ = {
			isa = PBXFrameworksBuildPhase;
			buildActionMask = 2147483647;
			files = (
			);
			runOnlyForDeploymentPostprocessing = 0;
		};
		7D3D73741BA7835700DB72AA /* Frameworks */ = {
			isa = PBXFrameworksBuildPhase;
			buildActionMask = 2147483647;
			files = (
			);
			runOnlyForDeploymentPostprocessing = 0;
		};
/* End PBXFrameworksBuildPhase section */

/* Begin PBXGroup section */
		7D3D734F1BA7835600DB72AA = {
			isa = PBXGroup;
			children = (
				7D3D735A1BA7835600DB72AA /* tips */,
				7D3D736F1BA7835700DB72AA /* tipsTests */,
				7D3D737A1BA7835700DB72AA /* tipsUITests */,
				7D3D73591BA7835600DB72AA /* Products */,
			);
			sourceTree = "<group>";
		};
		7D3D73591BA7835600DB72AA /* Products */ = {
			isa = PBXGroup;
			children = (
				7D3D73581BA7835600DB72AA /* tips.app */,
				7D3D736C1BA7835700DB72AA /* tipsTests.xctest */,
				7D3D73771BA7835700DB72AA /* tipsUITests.xctest */,
			);
			name = Products;
			sourceTree = "<group>";
		};
		7D3D735A1BA7835600DB72AA /* tips */ = {
			isa = PBXGroup;
			children = (
				7D3D735B1BA7835600DB72AA /* AppDelegate.swift */,
				7D3D735D1BA7835600DB72AA /* ViewController.swift */,
				7D3D735F1BA7835600DB72AA /* Main.storyboard */,
				7D3D73621BA7835600DB72AA /* Assets.xcassets */,
				7D3D73641BA7835600DB72AA /* LaunchScreen.storyboard */,
				7D3D73671BA7835600DB72AA /* Info.plist */,
			);
			path = tips;
			sourceTree = "<group>";
		};
		7D3D736F1BA7835700DB72AA /* tipsTests */ = {
			isa = PBXGroup;
			children = (
				7D3D73701BA7835700DB72AA /* tipsTests.swift */,
				7D3D73721BA7835700DB72AA /* Info.plist */,
			);
			path = tipsTests;
			sourceTree = "<group>";
		};
		7D3D737A1BA7835700DB72AA /* tipsUITests */ = {
			isa = PBXGroup;
			children = (
				7D3D737B1BA7835700DB72AA /* tipsUITests.swift */,
				7D3D737D1BA7835700DB72AA /* Info.plist */,
			);
			path = tipsUITests;
			sourceTree = "<group>";
		};
/* End PBXGroup section */

/* Begin PBXNativeTarget section */
		7D3D73571BA7835600DB72AA /* tips */ = {
			isa = PBXNativeTarget;
			buildConfigurationList = 7D3D73801BA7835700DB72AA /* Build configuration list for PBXNativeTarget "tips" */;
			buildPhases = (
				7D3D73541BA7835600DB72AA /* Sources */,
				7D3D73551BA7835600DB72AA /* Frameworks */,
				7D3D73561BA7835600DB72AA /* Resources */,
			);
			buildRules = (
			);
			dependencies = (
			);
			name = tips;
			productName = tips;
			productReference = 7D3D73581BA7835600DB72AA /* tips.app */;
			productType = "com.apple.product-type.application";
		};
		7D3D736B1BA7835700DB72AA /* tipsTests */ = {
			isa = PBXNativeTarget;
			buildConfigurationList = 7D3D73831BA7835700DB72AA /* Build configuration list for PBXNativeTarget "tipsTests" */;
			buildPhases = (
				7D3D73681BA7835700DB72AA /* Sources */,
				7D3D73691BA7835700DB72AA /* Frameworks */,
				7D3D736A1BA7835700DB72AA /* Resources */,
			);
			buildRules = (
			);
			dependencies = (
				7D3D736E1BA7835700DB72AA /* PBXTargetDependency */,
			);
			name = tipsTests;
			productName = tipsTests;
			productReference = 7D3D736C1BA7835700DB72AA /* tipsTests.xctest */;
			productType = "com.apple.product-type.bundle.unit-test";
		};
		7D3D73761BA7835700DB72AA /* tipsUITests */ = {
			isa = PBXNativeTarget;
			buildConfigurationList = 7D3D73861BA7835700DB72AA /* Build configuration list for PBXNativeTarget "tipsUITests" */;
			buildPhases = (
				7D3D73731BA7835700DB72AA /* Sources */,
				7D3D73741BA7835700DB72AA /* Frameworks */,
				7D3D73751BA7835700DB72AA /* Resources */,
			);
			buildRules = (
			);
			dependencies = (
				7D3D73791BA7835700DB72AA /* PBXTargetDependency */,
			);
			name = tipsUITests;
			productName = tipsUITests;
			productReference = 7D3D73771BA7835700DB72AA /* tipsUITests.xctest */;
			productType = "com.apple.product-type.bundle.ui-testing";
		};
/* End PBXNativeTarget section */

/* Begin PBXProject section */
		7D3D73501BA7835600DB72AA /* Project object */ = {
			isa = PBXProject;
			attributes = {
				LastUpgradeCheck = 0700;
				ORGANIZATIONNAME = "Jason Fain";
				TargetAttributes = {
					7D3D73571BA7835600DB72AA = {
						CreatedOnToolsVersion = 7.0;
					};
					7D3D736B1BA7835700DB72AA = {
						CreatedOnToolsVersion = 7.0;
						TestTargetID = 7D3D73571BA7835600DB72AA;
					};
					7D3D73761BA7835700DB72AA = {
						CreatedOnToolsVersion = 7.0;
						TestTargetID = 7D3D73571BA7835600DB72AA;
					};
				};
			};
			buildConfigurationList = 7D3D73531BA7835600DB72AA /* Build configuration list for PBXProject "tips" */;
			compatibilityVersion = "Xcode 3.2";
			developmentRegion = English;
			hasScannedForEncodings = 0;
			knownRegions = (
				en,
				Base,
			);
			mainGroup = 7D3D734F1BA7835600DB72AA;
			productRefGroup = 7D3D73591BA7835600DB72AA /* Products */;
			projectDirPath = "";
			projectRoot = "";
			targets = (
				7D3D73571BA7835600DB72AA /* tips */,
				7D3D736B1BA7835700DB72AA /* tipsTests */,
				7D3D73761BA7835700DB72AA /* tipsUITests */,
			);
		};
/* End PBXProject section */

/* Begin PBXResourcesBuildPhase section */
		7D3D73561BA7835600DB72AA /* Resources */ = {
			isa = PBXResourcesBuildPhase;
			buildActionMask = 2147483647;
			files = (
				7D3D73661BA7835600DB72AA /* LaunchScreen.storyboard in Resources */,
				7D3D73631BA7835600DB72AA /* Assets.xcassets in Resources */,
				7D3D73611BA7835600DB72AA /* Main.storyboard in Resources */,
			);
			runOnlyForDeploymentPostprocessing = 0;
		};
		7D3D736A1BA7835700DB72AA /* Resources */ = {
			isa = PBXResourcesBuildPhase;
			buildActionMask = 2147483647;
			files = (
			);
			runOnlyForDeploymentPostprocessing = 0;
		};
		7D3D73751BA7835700DB72AA /* Resources */ = {
			isa = PBXResourcesBuildPhase;
			buildActionMask = 2147483647;
			files = (
			);
			runOnlyForDeploymentPostprocessing = 0;
		};
/* End PBXResourcesBuildPhase section */

/* Begin PBXSourcesBuildPhase section */
		7D3D73541BA7835600DB72AA /* Sources */ = {
			isa = PBXSourcesBuildPhase;
			buildActionMask = 2147483647;
			files = (
				7D3D735E1BA7835600DB72AA /* ViewController.swift in Sources */,
				7D3D735C1BA7835600DB72AA /* AppDelegate.swift in Sources */,
			);
			runOnlyForDeploymentPostprocessing = 0;
		};
		7D3D73681BA7835700DB72AA /* Sources */ = {
			isa = PBXSourcesBuildPhase;
			buildActionMask = 2147483647;
			files = (
				7D3D73711BA7835700DB72AA /* tipsTests.swift in Sources */,
			);
			runOnlyForDeploymentPostprocessing = 0;
		};
		7D3D73731BA7835700DB72AA /* Sources */ = {
			isa = PBXSourcesBuildPhase;
			buildActionMask = 2147483647;
			files = (
				7D3D737C1BA7835700DB72AA /* tipsUITests.swift in Sources */,
			);
			runOnlyForDeploymentPostprocessing = 0;
		};
/* End PBXSourcesBuildPhase section */

/* Begin PBXTargetDependency section */
		7D3D736E1BA7835700DB72AA /* PBXTargetDependency */ = {
			isa = PBXTargetDependency;
			target = 7D3D73571BA7835600DB72AA /* tips */;
			targetProxy = 7D3D736D1BA7835700DB72AA /* PBXContainerItemProxy */;
		};
		7D3D73791BA7835700DB72AA /* PBXTargetDependency */ = {
			isa = PBXTargetDependency;
			target = 7D3D73571BA7835600DB72AA /* tips */;
			targetProxy = 7D3D73781BA7835700DB72AA /* PBXContainerItemProxy */;
		};
/* End PBXTargetDependency section */

/* Begin PBXVariantGroup section */
		7D3D735F1BA7835600DB72AA /* Main.storyboard */ = {
			isa = PBXVariantGroup;
			children = (
				7D3D73601BA7835600DB72AA /* Base */,
			);
			name = Main.storyboard;
			sourceTree = "<group>";
		};
		7D3D73641BA7835600DB72AA /* LaunchScreen.storyboard */ = {
			isa = PBXVariantGroup;
			children = (
				7D3D73651BA7835600DB72AA /* Base */,
			);
			name = LaunchScreen.storyboard;
			sourceTree = "<group>";
		};
/* End PBXVariantGroup section */

/* Begin XCBuildConfiguration section */
		7D3D737E1BA7835700DB72AA /* Debug */ = {
			isa = XCBuildConfiguration;
			buildSettings = {
				ALWAYS_SEARCH_USER_PATHS = NO;
				CLANG_CXX_LANGUAGE_STANDARD = "gnu++0x";
				CLANG_CXX_LIBRARY = "libc++";
				CLANG_ENABLE_MODULES = YES;
				CLANG_ENABLE_OBJC_ARC = YES;
				CLANG_WARN_BOOL_CONVERSION = YES;
				CLANG_WARN_CONSTANT_CONVERSION = YES;
				CLANG_WARN_DIRECT_OBJC_ISA_USAGE = YES_ERROR;
				CLANG_WARN_EMPTY_BODY = YES;
				CLANG_WARN_ENUM_CONVERSION = YES;
				CLANG_WARN_INT_CONVERSION = YES;
				CLANG_WARN_OBJC_ROOT_CLASS = YES_ERROR;
				CLANG_WARN_UNREACHABLE_CODE = YES;
				CLANG_WARN__DUPLICATE_METHOD_MATCH = YES;
				"CODE_SIGN_IDENTITY[sdk=iphoneos*]" = "iPhone Developer";
				COPY_PHASE_STRIP = NO;
				DEBUG_INFORMATION_FORMAT = dwarf;
				ENABLE_STRICT_OBJC_MSGSEND = YES;
				ENABLE_TESTABILITY = YES;
				GCC_C_LANGUAGE_STANDARD = gnu99;
				GCC_DYNAMIC_NO_PIC = NO;
				GCC_NO_COMMON_BLOCKS = YES;
				GCC_OPTIMIZATION_LEVEL = 0;
				GCC_PREPROCESSOR_DEFINITIONS = (
					"DEBUG=1",
					"$(inherited)",
				);
				GCC_WARN_64_TO_32_BIT_CONVERSION = YES;
				GCC_WARN_ABOUT_RETURN_TYPE = YES_ERROR;
				GCC_WARN_UNDECLARED_SELECTOR = YES;
				GCC_WARN_UNINITIALIZED_AUTOS = YES_AGGRESSIVE;
				GCC_WARN_UNUSED_FUNCTION = YES;
				GCC_WARN_UNUSED_VARIABLE = YES;
				IPHONEOS_DEPLOYMENT_TARGET = 9.0;
				MTL_ENABLE_DEBUG_INFO = YES;
				ONLY_ACTIVE_ARCH = YES;
				SDKROOT = iphoneos;
				SWIFT_OPTIMIZATION_LEVEL = "-Onone";
			};
			name = Debug;
		};
		7D3D737F1BA7835700DB72AA /* Release */ = {
			isa = XCBuildConfiguration;
			buildSettings = {
				ALWAYS_SEARCH_USER_PATHS = NO;
				CLANG_CXX_LANGUAGE_STANDARD = "gnu++0x";
				CLANG_CXX_LIBRARY = "libc++";
				CLANG_ENABLE_MODULES = YES;
				CLANG_ENABLE_OBJC_ARC = YES;
				CLANG_WARN_BOOL_CONVERSION = YES;
				CLANG_WARN_CONSTANT_CONVERSION = YES;
				CLANG_WARN_DIRECT_OBJC_ISA_USAGE = YES_ERROR;
				CLANG_WARN_EMPTY_BODY = YES;
				CLANG_WARN_ENUM_CONVERSION = YES;
				CLANG_WARN_INT_CONVERSION = YES;
				CLANG_WARN_OBJC_ROOT_CLASS = YES_ERROR;
				CLANG_WARN_UNREACHABLE_CODE = YES;
				CLANG_WARN__DUPLICATE_METHOD_MATCH = YES;
				"CODE_SIGN_IDENTITY[sdk=iphoneos*]" = "iPhone Developer";
				COPY_PHASE_STRIP = NO;
				DEBUG_INFORMATION_FORMAT = "dwarf-with-dsym";
				ENABLE_NS_ASSERTIONS = NO;
				ENABLE_STRICT_OBJC_MSGSEND = YES;
				GCC_C_LANGUAGE_STANDARD = gnu99;
				GCC_NO_COMMON_BLOCKS = YES;
				GCC_WARN_64_TO_32_BIT_CONVERSION = YES;
				GCC_WARN_ABOUT_RETURN_TYPE = YES_ERROR;
				GCC_WARN_UNDECLARED_SELECTOR = YES;
				GCC_WARN_UNINITIALIZED_AUTOS = YES_AGGRESSIVE;
				GCC_WARN_UNUSED_FUNCTION = YES;
				GCC_WARN_UNUSED_VARIABLE = YES;
				IPHONEOS_DEPLOYMENT_TARGET = 9.0;
				MTL_ENABLE_DEBUG_INFO = NO;
				SDKROOT = iphoneos;
				VALIDATE_PRODUCT = YES;
			};
			name = Release;
		};
		7D3D73811BA7835700DB72AA /* Debug */ = {
			isa = XCBuildConfiguration;
			buildSettings = {
				ASSETCATALOG_COMPILER_APPICON_NAME = AppIcon;
				INFOPLIST_FILE = tips/Info.plist;
				LD_RUNPATH_SEARCH_PATHS = "$(inherited) @executable_path/Frameworks";
				PRODUCT_BUNDLE_IDENTIFIER = climate.tips;
				PRODUCT_NAME = "$(TARGET_NAME)";
			};
			name = Debug;
		};
		7D3D73821BA7835700DB72AA /* Release */ = {
			isa = XCBuildConfiguration;
			buildSettings = {
				ASSETCATALOG_COMPILER_APPICON_NAME = AppIcon;
				INFOPLIST_FILE = tips/Info.plist;
				LD_RUNPATH_SEARCH_PATHS = "$(inherited) @executable_path/Frameworks";
				PRODUCT_BUNDLE_IDENTIFIER = climate.tips;
				PRODUCT_NAME = "$(TARGET_NAME)";
			};
			name = Release;
		};
		7D3D73841BA7835700DB72AA /* Debug */ = {
			isa = XCBuildConfiguration;
			buildSettings = {
				BUNDLE_LOADER = "$(TEST_HOST)";
				INFOPLIST_FILE = tipsTests/Info.plist;
				LD_RUNPATH_SEARCH_PATHS = "$(inherited) @executable_path/Frameworks @loader_path/Frameworks";
				PRODUCT_BUNDLE_IDENTIFIER = climate.tipsTests;
				PRODUCT_NAME = "$(TARGET_NAME)";
				TEST_HOST = "$(BUILT_PRODUCTS_DIR)/tips.app/tips";
			};
			name = Debug;
		};
		7D3D73851BA7835700DB72AA /* Release */ = {
			isa = XCBuildConfiguration;
			buildSettings = {
				BUNDLE_LOADER = "$(TEST_HOST)";
				INFOPLIST_FILE = tipsTests/Info.plist;
				LD_RUNPATH_SEARCH_PATHS = "$(inherited) @executable_path/Frameworks @loader_path/Frameworks";
				PRODUCT_BUNDLE_IDENTIFIER = climate.tipsTests;
				PRODUCT_NAME = "$(TARGET_NAME)";
				TEST_HOST = "$(BUILT_PRODUCTS_DIR)/tips.app/tips";
			};
			name = Release;
		};
		7D3D73871BA7835700DB72AA /* Debug */ = {
			isa = XCBuildConfiguration;
			buildSettings = {
				INFOPLIST_FILE = tipsUITests/Info.plist;
				LD_RUNPATH_SEARCH_PATHS = "$(inherited) @executable_path/Frameworks @loader_path/Frameworks";
				PRODUCT_BUNDLE_IDENTIFIER = climate.tipsUITests;
				PRODUCT_NAME = "$(TARGET_NAME)";
				TEST_TARGET_NAME = tips;
				USES_XCTRUNNER = YES;
			};
			name = Debug;
		};
		7D3D73881BA7835700DB72AA /* Release */ = {
			isa = XCBuildConfiguration;
			buildSettings = {
				INFOPLIST_FILE = tipsUITests/Info.plist;
				LD_RUNPATH_SEARCH_PATHS = "$(inherited) @executable_path/Frameworks @loader_path/Frameworks";
				PRODUCT_BUNDLE_IDENTIFIER = climate.tipsUITests;
				PRODUCT_NAME = "$(TARGET_NAME)";
				TEST_TARGET_NAME = tips;
				USES_XCTRUNNER = YES;
			};
			name = Release;
		};
/* End XCBuildConfiguration section */

/* Begin XCConfigurationList section */
		7D3D73531BA7835600DB72AA /* Build configuration list for PBXProject "tips" */ = {
			isa = XCConfigurationList;
			buildConfigurations = (
				7D3D737E1BA7835700DB72AA /* Debug */,
				7D3D737F1BA7835700DB72AA /* Release */,
			);
			defaultConfigurationIsVisible = 0;
			defaultConfigurationName = Release;
		};
		7D3D73801BA7835700DB72AA /* Build configuration list for PBXNativeTarget "tips" */ = {
			isa = XCConfigurationList;
			buildConfigurations = (
				7D3D73811BA7835700DB72AA /* Debug */,
				7D3D73821BA7835700DB72AA /* Release */,
			);
			defaultConfigurationIsVisible = 0;
		};
		7D3D73831BA7835700DB72AA /* Build configuration list for PBXNativeTarget "tipsTests" */ = {
			isa = XCConfigurationList;
			buildConfigurations = (
				7D3D73841BA7835700DB72AA /* Debug */,
				7D3D73851BA7835700DB72AA /* Release */,
			);
			defaultConfigurationIsVisible = 0;
		};
		7D3D73861BA7835700DB72AA /* Build configuration list for PBXNativeTarget "tipsUITests" */ = {
			isa = XCConfigurationList;
			buildConfigurations = (
				7D3D73871BA7835700DB72AA /* Debug */,
				7D3D73881BA7835700DB72AA /* Release */,
			);
			defaultConfigurationIsVisible = 0;
		};
/* End XCConfigurationList section */
	};
	rootObject = 7D3D73501BA7835600DB72AA /* Project object */;
}
